
Microsoft Visual Studio Solution File, Format Version 12.00
# Visual Studio Version 16
VisualStudioVersion = 16.0.29728.190
MinimumVisualStudioVersion = 10.0.40219.1
Project("{9A19103F-16F7-4668-BE54-9A1E7A4F7556}") = "CheckYourProduct", "CheckYourProduct\CheckYourProduct.csproj", "{0BFC39A3-42CC-496B-8900-9F3D43FB452E}"
EndProject
Project("{9A19103F-16F7-4668-BE54-9A1E7A4F7556}") = "CheckYourProduct.UI", "CheckYourProduct.UI\CheckYourProduct.UI.csproj", "{F150350C-95CE-4176-9BBF-C9BB0B69BC6C}"
EndProject
Project("{FAE04EC0-301F-11D3-BF4B-00C04F79EFBC}") = "Domain", "Product.Domain\Domain.csproj", "{65B91FE4-2E2D-476C-8B40-0F4FD09FDBCF}"
EndProject
Global
	GlobalSection(SolutionConfigurationPlatforms) = preSolution
		Debug|Any CPU = Debug|Any CPU
		Release|Any CPU = Release|Any CPU
	EndGlobalSection
	GlobalSection(ProjectConfigurationPlatforms) = postSolution
		{0BFC39A3-42CC-496B-8900-9F3D43FB452E}.Debug|Any CPU.ActiveCfg = Debug|Any CPU
		{0BFC39A3-42CC-496B-8900-9F3D43FB452E}.Debug|Any CPU.Build.0 = Debug|Any CPU
		{0BFC39A3-42CC-496B-8900-9F3D43FB452E}.Release|Any CPU.ActiveCfg = Release|Any CPU
		{0BFC39A3-42CC-496B-8900-9F3D43FB452E}.Release|Any CPU.Build.0 = Release|Any CPU
		{F150350C-95CE-4176-9BBF-C9BB0B69BC6C}.Debug|Any CPU.ActiveCfg = Debug|Any CPU
		{F150350C-95CE-4176-9BBF-C9BB0B69BC6C}.Debug|Any CPU.Build.0 = Debug|Any CPU
		{F150350C-95CE-4176-9BBF-C9BB0B69BC6C}.Release|Any CPU.ActiveCfg = Release|Any CPU
		{F150350C-95CE-4176-9BBF-C9BB0B69BC6C}.Release|Any CPU.Build.0 = Release|Any CPU
		{65B91FE4-2E2D-476C-8B40-0F4FD09FDBCF}.Debug|Any CPU.ActiveCfg = Debug|Any CPU
		{65B91FE4-2E2D-476C-8B40-0F4FD09FDBCF}.Debug|Any CPU.Build.0 = Debug|Any CPU
		{65B91FE4-2E2D-476C-8B40-0F4FD09FDBCF}.Release|Any CPU.ActiveCfg = Release|Any CPU
		{65B91FE4-2E2D-476C-8B40-0F4FD09FDBCF}.Release|Any CPU.Build.0 = Release|Any CPU
	EndGlobalSection
	GlobalSection(SolutionProperties) = preSolution
		HideSolutionNode = FALSE
	EndGlobalSection
	GlobalSection(ExtensibilityGlobals) = postSolution
		SolutionGuid = {A392CA0F-079D-4592-BE5D-5F61560DCF41}
	EndGlobalSection
EndGlobal
